lockfileVersion: '6.0'

settings:
  autoInstallPeers: true
  excludeLinksFromLockfile: false

dependencies:
  '@clack/prompts':
    specifier: ^0.7.0
    version: 0.7.0
  adm-zip:
    specifier: ^0.5.10
    version: 0.5.10
  create-svelte:
    specifier: ^6.1.2
    version: 6.1.2

packages:

  /@clack/core@0.3.3:
    resolution: {integrity: sha512-5ZGyb75BUBjlll6eOa1m/IZBxwk91dooBWhPSL67sWcLS0zt9SnswRL0l26TVdBhb0wnWORRxUn//uH6n4z7+A==}
    dependencies:
      picocolors: 1.0.0
      sisteransi: 1.0.5
    dev: false

  /@clack/prompts@0.7.0:
    resolution: {integrity: sha512-0MhX9/B4iL6Re04jPrttDm+BsP8y6mS7byuv0BvXgdXhbV5PdlsHt55dvNsuBCPZ7xq1oTAOOuotR9NFbQyMSA==}
    dependencies:
      '@clack/core': 0.3.3
      picocolors: 1.0.0
      sisteransi: 1.0.5
    dev: false
    bundledDependencies:
      - is-unicode-supported

  /adm-zip@0.5.10:
    resolution: {integrity: sha512-x0HvcHqVJNTPk/Bw8JbLWlWoo6Wwnsug0fnYYro1HBrjxZ3G7/AZk7Ahv8JwDe1uIcz8eBqvu86FuF1POiG7vQ==}
    engines: {node: '>=6.0'}
    dev: false

  /create-svelte@6.1.2:
    resolution: {integrity: sha512-UXuDzUywIVyEYwnEHe+1ndcc+rB1sdNVJmMZi27vtMp1oWYtvtuK66ko/4j5lNIuZNBbQbM1dl7XGgbSiEq43A==}
    hasBin: true
    dependencies:
      '@clack/prompts': 0.7.0
      kleur: 4.1.5
    dev: false

  /kleur@4.1.5:
    resolution: {integrity: sha512-o+NO+8WrRiQEE4/7nwRJhN1HWpVmJm511pBHUxPLtp0BUISzlBplORYSmTclCnJvQq2tKu/sgl3xVpkc7ZWuQQ==}
    engines: {node: '>=6'}
    dev: false

  /picocolors@1.0.0:
    resolution: {integrity: sha512-1fygroTLlHu66zi26VoTDv8yRgm0Fccecssto+MhsZ0D/DGW2sm8E8AjW7NU5VVTRt5GxbeZ5qBuJr+HyLYkjQ==}
    dev: false

  /sisteransi@1.0.5:
    resolution: {integrity: sha512-bLGGlR1QxBcynn2d5YmDX4MGjlZvy2MRBDRNHLJ8VI6l6+9FUiyTFNJ0IveOSP0bcXgVDPRcfGqA0pjaqUpfVg==}
    dev: false
